
Microsoft Visual Studio Solution File, Format Version 12.00
# Visual Studio Version 17
VisualStudioVersion = 17.2.32505.173
MinimumVisualStudioVersion = 10.0.40219.1
Project("{FAE04EC0-301F-11D3-BF4B-00C04F79EFBC}") = "vectores-laboratorio", "vectores-laboratorio\vectores-laboratorio.csproj", "{B39338DB-76DF-48EE-964A-5B9177A53350}"
EndProject
Global
	GlobalSection(SolutionConfigurationPlatforms) = preSolution
		Debug|Any CPU = Debug|Any CPU
		Release|Any CPU = Release|Any CPU
	EndGlobalSection
	GlobalSection(ProjectConfigurationPlatforms) = postSolution
		{B39338DB-76DF-48EE-964A-5B9177A53350}.Debug|Any CPU.ActiveCfg = Debug|Any CPU
		{B39338DB-76DF-48EE-964A-5B9177A53350}.Debug|Any CPU.Build.0 = Debug|Any CPU
		{B39338DB-76DF-48EE-964A-5B9177A53350}.Release|Any CPU.ActiveCfg = Release|Any CPU
		{B39338DB-76DF-48EE-964A-5B9177A53350}.Release|Any CPU.Build.0 = Release|Any CPU
	EndGlobalSection
	GlobalSection(SolutionProperties) = preSolution
		HideSolutionNode = FALSE
	EndGlobalSection
	GlobalSection(ExtensibilityGlobals) = postSolution
		SolutionGuid = {B8758CF5-167D-42E1-8E8B-412B65F787F8}
	EndGlobalSection
EndGlobal
