
Microsoft Visual Studio Solution File, Format Version 12.00
# Visual Studio Version 17
VisualStudioVersion = 17.2.32505.173
MinimumVisualStudioVersion = 10.0.40219.1
Project("{FAE04EC0-301F-11D3-BF4B-00C04F79EFBC}") = "desafio-estructuras-de-control", "desafio-estructuras-de-control\desafio-estructuras-de-control.csproj", "{D7FDBED0-836C-4EB7-A450-BACB2B0E57E9}"
EndProject
Global
	GlobalSection(SolutionConfigurationPlatforms) = preSolution
		Debug|Any CPU = Debug|Any CPU
		Release|Any CPU = Release|Any CPU
	EndGlobalSection
	GlobalSection(ProjectConfigurationPlatforms) = postSolution
		{D7FDBED0-836C-4EB7-A450-BACB2B0E57E9}.Debug|Any CPU.ActiveCfg = Debug|Any CPU
		{D7FDBED0-836C-4EB7-A450-BACB2B0E57E9}.Debug|Any CPU.Build.0 = Debug|Any CPU
		{D7FDBED0-836C-4EB7-A450-BACB2B0E57E9}.Release|Any CPU.ActiveCfg = Release|Any CPU
		{D7FDBED0-836C-4EB7-A450-BACB2B0E57E9}.Release|Any CPU.Build.0 = Release|Any CPU
	EndGlobalSection
	GlobalSection(SolutionProperties) = preSolution
		HideSolutionNode = FALSE
	EndGlobalSection
	GlobalSection(ExtensibilityGlobals) = postSolution
		SolutionGuid = {1B3EF49D-84BE-418E-8C66-6D3B2854B9C1}
	EndGlobalSection
EndGlobal
