
Microsoft Visual Studio Solution File, Format Version 12.00
# Visual Studio Version 17
VisualStudioVersion = 17.2.32505.173
MinimumVisualStudioVersion = 10.0.40219.1
Project("{FAE04EC0-301F-11D3-BF4B-00C04F79EFBC}") = "lab-estructuras-de-repeticion", "lab-estructuras-de-repeticion\lab-estructuras-de-repeticion.csproj", "{AE48BD2D-04A5-44B6-ADDA-B37508D2C2EE}"
EndProject
Global
	GlobalSection(SolutionConfigurationPlatforms) = preSolution
		Debug|Any CPU = Debug|Any CPU
		Release|Any CPU = Release|Any CPU
	EndGlobalSection
	GlobalSection(ProjectConfigurationPlatforms) = postSolution
		{AE48BD2D-04A5-44B6-ADDA-B37508D2C2EE}.Debug|Any CPU.ActiveCfg = Debug|Any CPU
		{AE48BD2D-04A5-44B6-ADDA-B37508D2C2EE}.Debug|Any CPU.Build.0 = Debug|Any CPU
		{AE48BD2D-04A5-44B6-ADDA-B37508D2C2EE}.Release|Any CPU.ActiveCfg = Release|Any CPU
		{AE48BD2D-04A5-44B6-ADDA-B37508D2C2EE}.Release|Any CPU.Build.0 = Release|Any CPU
	EndGlobalSection
	GlobalSection(SolutionProperties) = preSolution
		HideSolutionNode = FALSE
	EndGlobalSection
	GlobalSection(ExtensibilityGlobals) = postSolution
		SolutionGuid = {558781AE-E855-465D-B8CC-F2FD8EACCD67}
	EndGlobalSection
EndGlobal
